
Microsoft Visual Studio Solution File, Format Version 12.00
# Visual Studio Version 17
VisualStudioVersion = 17.11.35327.3
MinimumVisualStudioVersion = 10.0.40219.1
Project("{9A19103F-16F7-4668-BE54-9A1E7A4F7556}") = "ConsultaCentroDistribuicaoMock", "ConsultaCentroDistribuicaoMock\ConsultaCentroDistribuicaoMock.csproj", "{E8C48549-7ACA-45EB-B3C7-EE109C7C2744}"
EndProject
Project("{FAE04EC0-301F-11D3-BF4B-00C04F79EFBC}") = "MotorCentroDistribuicao", "MotorCentroDistribuicao\MotorCentroDistribuicao.csproj", "{EC876A7E-B259-45E2-BA9E-E284168039B1}"
EndProject
Global
	GlobalSection(SolutionConfigurationPlatforms) = preSolution
		Debug|Any CPU = Debug|Any CPU
		Release|Any CPU = Release|Any CPU
	EndGlobalSection
	GlobalSection(ProjectConfigurationPlatforms) = postSolution
		{E8C48549-7ACA-45EB-B3C7-EE109C7C2744}.Debug|Any CPU.ActiveCfg = Debug|Any CPU
		{E8C48549-7ACA-45EB-B3C7-EE109C7C2744}.Debug|Any CPU.Build.0 = Debug|Any CPU
		{E8C48549-7ACA-45EB-B3C7-EE109C7C2744}.Release|Any CPU.ActiveCfg = Release|Any CPU
		{E8C48549-7ACA-45EB-B3C7-EE109C7C2744}.Release|Any CPU.Build.0 = Release|Any CPU
		{EC876A7E-B259-45E2-BA9E-E284168039B1}.Debug|Any CPU.ActiveCfg = Debug|Any CPU
		{EC876A7E-B259-45E2-BA9E-E284168039B1}.Debug|Any CPU.Build.0 = Debug|Any CPU
		{EC876A7E-B259-45E2-BA9E-E284168039B1}.Release|Any CPU.ActiveCfg = Release|Any CPU
		{EC876A7E-B259-45E2-BA9E-E284168039B1}.Release|Any CPU.Build.0 = Release|Any CPU
	EndGlobalSection
	GlobalSection(SolutionProperties) = preSolution
		HideSolutionNode = FALSE
	EndGlobalSection
	GlobalSection(ExtensibilityGlobals) = postSolution
		SolutionGuid = {EC367F0B-0906-4BC1-B41E-2CBADF230B60}
	EndGlobalSection
EndGlobal
